
Microsoft Visual Studio Solution File, Format Version 12.00
# Visual Studio Version 17
VisualStudioVersion = 17.9.34902.65
MinimumVisualStudioVersion = 10.0.40219.1
Project("{9A19103F-16F7-4668-BE54-9A1E7A4F7556}") = "RaritetBooks.API", "RaritetBooks.API\RaritetBooks.API.csproj", "{33B7AD8E-8B87-4B8C-8EDC-F4B39438DC88}"
EndProject
Project("{2150E333-8FDC-42A3-9474-1A3956D46DE8}") = "Solution Items", "Solution Items", "{C1966933-D395-4645-A17C-0FCEC84820B9}"
	ProjectSection(SolutionItems) = preProject
		.editorconfig = .editorconfig
		compose.yaml = compose.yaml
	EndProjectSection
EndProject
Project("{9A19103F-16F7-4668-BE54-9A1E7A4F7556}") = "RaritetBooks.Domain", "RaritetBooks.Domain\RaritetBooks.Domain.csproj", "{6ED3E31D-56E0-4756-BC0E-366AC5FB5F21}"
EndProject
Project("{9A19103F-16F7-4668-BE54-9A1E7A4F7556}") = "RaritetBooks.Infrastructure", "RaritetBooks.Infrastructure\RaritetBooks.Infrastructure.csproj", "{2F8FBE98-649B-4BD7-9A0B-213C413778B3}"
EndProject
Project("{9A19103F-16F7-4668-BE54-9A1E7A4F7556}") = "RaritetBooks.Application", "RaritetBooks.Application\RaritetBooks.Application.csproj", "{BB467CA0-0FC5-42DD-8E9D-697868E0F33C}"
EndProject
Project("{9A19103F-16F7-4668-BE54-9A1E7A4F7556}") = "RaritetBooks.Infrastructure.Kafka", "RaritetBooks.Infrastructure.Kafka\RaritetBooks.Infrastructure.Kafka.csproj", "{2763FAB5-08E5-45C8-9F32-7EF9E2072B4A}"
EndProject
Project("{9A19103F-16F7-4668-BE54-9A1E7A4F7556}") = "RaritetBooks.Infrastructure.TelegramBot", "RaritetBooks.Infrastructure.TelegramBot\RaritetBooks.Infrastructure.TelegramBot.csproj", "{BD3B986C-5258-4326-BF63-B344C2CD2741}"
EndProject
Project("{2150E333-8FDC-42A3-9474-1A3956D46DE8}") = "tests", "tests", "{9AB9B55D-EC3D-431E-ABF5-BAAD36ED2268}"
EndProject
Project("{9A19103F-16F7-4668-BE54-9A1E7A4F7556}") = "RaritetBooks.UnitTests", "RaritetBooks.UnitTests\RaritetBooks.UnitTests.csproj", "{E598DACC-1417-49B3-9A2C-55FD168DC406}"
EndProject
Project("{FAE04EC0-301F-11D3-BF4B-00C04F79EFBC}") = "RaritetBooks.Api.Tests.Integration", "RaritetBooks.Api.Tests.Integration\RaritetBooks.Api.Tests.Integration.csproj", "{2DD34C9B-4B7D-4557-BABF-CFFE4184024F}"
EndProject
Global
	GlobalSection(SolutionConfigurationPlatforms) = preSolution
		Debug|Any CPU = Debug|Any CPU
		Release|Any CPU = Release|Any CPU
	EndGlobalSection
	GlobalSection(ProjectConfigurationPlatforms) = postSolution
		{33B7AD8E-8B87-4B8C-8EDC-F4B39438DC88}.Debug|Any CPU.ActiveCfg = Debug|Any CPU
		{33B7AD8E-8B87-4B8C-8EDC-F4B39438DC88}.Debug|Any CPU.Build.0 = Debug|Any CPU
		{33B7AD8E-8B87-4B8C-8EDC-F4B39438DC88}.Release|Any CPU.ActiveCfg = Release|Any CPU
		{33B7AD8E-8B87-4B8C-8EDC-F4B39438DC88}.Release|Any CPU.Build.0 = Release|Any CPU
		{6ED3E31D-56E0-4756-BC0E-366AC5FB5F21}.Debug|Any CPU.ActiveCfg = Debug|Any CPU
		{6ED3E31D-56E0-4756-BC0E-366AC5FB5F21}.Debug|Any CPU.Build.0 = Debug|Any CPU
		{6ED3E31D-56E0-4756-BC0E-366AC5FB5F21}.Release|Any CPU.ActiveCfg = Release|Any CPU
		{6ED3E31D-56E0-4756-BC0E-366AC5FB5F21}.Release|Any CPU.Build.0 = Release|Any CPU
		{2F8FBE98-649B-4BD7-9A0B-213C413778B3}.Debug|Any CPU.ActiveCfg = Debug|Any CPU
		{2F8FBE98-649B-4BD7-9A0B-213C413778B3}.Debug|Any CPU.Build.0 = Debug|Any CPU
		{2F8FBE98-649B-4BD7-9A0B-213C413778B3}.Release|Any CPU.ActiveCfg = Release|Any CPU
		{2F8FBE98-649B-4BD7-9A0B-213C413778B3}.Release|Any CPU.Build.0 = Release|Any CPU
		{BB467CA0-0FC5-42DD-8E9D-697868E0F33C}.Debug|Any CPU.ActiveCfg = Debug|Any CPU
		{BB467CA0-0FC5-42DD-8E9D-697868E0F33C}.Debug|Any CPU.Build.0 = Debug|Any CPU
		{BB467CA0-0FC5-42DD-8E9D-697868E0F33C}.Release|Any CPU.ActiveCfg = Release|Any CPU
		{BB467CA0-0FC5-42DD-8E9D-697868E0F33C}.Release|Any CPU.Build.0 = Release|Any CPU
		{2763FAB5-08E5-45C8-9F32-7EF9E2072B4A}.Debug|Any CPU.ActiveCfg = Debug|Any CPU
		{2763FAB5-08E5-45C8-9F32-7EF9E2072B4A}.Debug|Any CPU.Build.0 = Debug|Any CPU
		{2763FAB5-08E5-45C8-9F32-7EF9E2072B4A}.Release|Any CPU.ActiveCfg = Release|Any CPU
		{2763FAB5-08E5-45C8-9F32-7EF9E2072B4A}.Release|Any CPU.Build.0 = Release|Any CPU
		{BD3B986C-5258-4326-BF63-B344C2CD2741}.Debug|Any CPU.ActiveCfg = Debug|Any CPU
		{BD3B986C-5258-4326-BF63-B344C2CD2741}.Debug|Any CPU.Build.0 = Debug|Any CPU
		{BD3B986C-5258-4326-BF63-B344C2CD2741}.Release|Any CPU.ActiveCfg = Release|Any CPU
		{BD3B986C-5258-4326-BF63-B344C2CD2741}.Release|Any CPU.Build.0 = Release|Any CPU
		{E598DACC-1417-49B3-9A2C-55FD168DC406}.Debug|Any CPU.ActiveCfg = Debug|Any CPU
		{E598DACC-1417-49B3-9A2C-55FD168DC406}.Debug|Any CPU.Build.0 = Debug|Any CPU
		{E598DACC-1417-49B3-9A2C-55FD168DC406}.Release|Any CPU.ActiveCfg = Release|Any CPU
		{E598DACC-1417-49B3-9A2C-55FD168DC406}.Release|Any CPU.Build.0 = Release|Any CPU
		{2DD34C9B-4B7D-4557-BABF-CFFE4184024F}.Debug|Any CPU.ActiveCfg = Debug|Any CPU
		{2DD34C9B-4B7D-4557-BABF-CFFE4184024F}.Debug|Any CPU.Build.0 = Debug|Any CPU
		{2DD34C9B-4B7D-4557-BABF-CFFE4184024F}.Release|Any CPU.ActiveCfg = Release|Any CPU
		{2DD34C9B-4B7D-4557-BABF-CFFE4184024F}.Release|Any CPU.Build.0 = Release|Any CPU
	EndGlobalSection
	GlobalSection(SolutionProperties) = preSolution
		HideSolutionNode = FALSE
	EndGlobalSection
	GlobalSection(NestedProjects) = preSolution
		{E598DACC-1417-49B3-9A2C-55FD168DC406} = {9AB9B55D-EC3D-431E-ABF5-BAAD36ED2268}
		{2DD34C9B-4B7D-4557-BABF-CFFE4184024F} = {9AB9B55D-EC3D-431E-ABF5-BAAD36ED2268}
	EndGlobalSection
	GlobalSection(ExtensibilityGlobals) = postSolution
		SolutionGuid = {16FED244-F480-416D-A14D-E391F0DAC7C5}
	EndGlobalSection
EndGlobal
